// !$*UTF8*$!
{
	archiveVersion = 1;
	classes = {
	};
	objectVersion = 56;
	objects = {

/* Begin PBXBuildFile section */
		700315E12A9B17A1009A6BFF /* SplitInteractor.swift in Sources */ = {isa = PBXBuildFile; fileRef = 700315E02A9B0A58009A6BFF /* SplitInteractor.swift */; };
		700B3A022A8D030E004F1A82 /* AppSettingsRepository.swift in Sources */ = {isa = PBXBuildFile; fileRef = 700B3A012A8D030E004F1A82 /* AppSettingsRepository.swift */; };
		700B3A052A8D033D004F1A82 /* Foil in Frameworks */ = {isa = PBXBuildFile; productRef = 700B3A042A8D033D004F1A82 /* Foil */; };
		700B3A092A8D075C004F1A82 /* SettingsViewModel.swift in Sources */ = {isa = PBXBuildFile; fileRef = 700B3A082A8D075C004F1A82 /* SettingsViewModel.swift */; };
		700B3A0B2A8D0766004F1A82 /* SettingsView.swift in Sources */ = {isa = PBXBuildFile; fileRef = 700B3A0A2A8D0766004F1A82 /* SettingsView.swift */; };
		700B3A0E2A908E17004F1A82 /* FullScreenCoverHero.swift in Sources */ = {isa = PBXBuildFile; fileRef = 700B3A0D2A908E17004F1A82 /* FullScreenCoverHero.swift */; };
		700B3A112A90A963004F1A82 /* MeasurementFormatService.swift in Sources */ = {isa = PBXBuildFile; fileRef = 700B3A102A90A963004F1A82 /* MeasurementFormatService.swift */; };
		70A783D62AA45A570043183D /* ZipMany.swift in Sources */ = {isa = PBXBuildFile; fileRef = 70A783D52AA45A570043183D /* ZipMany.swift */; };
		70A783DE2AA4B4DA0043183D /* Localizable.xcstrings in Resources */ = {isa = PBXBuildFile; fileRef = 70A783DD2AA4B4DA0043183D /* Localizable.xcstrings */; };
		70A783E62AA4BFE80043183D /* InfoPlist.xcstrings in Resources */ = {isa = PBXBuildFile; fileRef = 70A783E52AA4BFE80043183D /* InfoPlist.xcstrings */; };
		70AA90082A90C80600E9E205 /* RunListViewModel.swift in Sources */ = {isa = PBXBuildFile; fileRef = 70AA90072A90C80600E9E205 /* RunListViewModel.swift */; };
		70AA900A2A90C80F00E9E205 /* RunListView.swift in Sources */ = {isa = PBXBuildFile; fileRef = 70AA90092A90C80F00E9E205 /* RunListView.swift */; };
		70AA900D2A91CDDC00E9E205 /* RunDetailView.swift in Sources */ = {isa = PBXBuildFile; fileRef = 70AA900C2A91CDDC00E9E205 /* RunDetailView.swift */; };
		70AA900F2A91CEC600E9E205 /* RunDetailViewModel.swift in Sources */ = {isa = PBXBuildFile; fileRef = 70AA900E2A91CEC600E9E205 /* RunDetailViewModel.swift */; };
		70C00E882A86320E00E1C475 /* Factory in Frameworks */ = {isa = PBXBuildFile; productRef = 70C00E872A86320E00E1C475 /* Factory */; };
		70C00E8B2A86321800E1C475 /* DesignSystem in Frameworks */ = {isa = PBXBuildFile; productRef = 70C00E8A2A86321800E1C475 /* DesignSystem */; };
		70C00E912A874E9000E1C475 /* RunPreviewView.swift in Sources */ = {isa = PBXBuildFile; fileRef = 70C00E902A874E9000E1C475 /* RunPreviewView.swift */; };
		70C00E932A874E9B00E1C475 /* RunPreviewViewModel.swift in Sources */ = {isa = PBXBuildFile; fileRef = 70C00E922A874E9B00E1C475 /* RunPreviewViewModel.swift */; };
		70C00E962A874F4600E1C475 /* WorkoutsRespository.swift in Sources */ = {isa = PBXBuildFile; fileRef = 70C00E952A874F4600E1C475 /* WorkoutsRespository.swift */; };
		70C00E992A8750FC00E1C475 /* Injection.swift in Sources */ = {isa = PBXBuildFile; fileRef = 70C00E982A8750FC00E1C475 /* Injection.swift */; };
		70C00E9B2A87545D00E1C475 /* HealthKitAuthorizationRepository.swift in Sources */ = {isa = PBXBuildFile; fileRef = 70C00E9A2A87545D00E1C475 /* HealthKitAuthorizationRepository.swift */; };
		70C00E9E2A87890C00E1C475 /* HealthKitReadableNames.swift in Sources */ = {isa = PBXBuildFile; fileRef = 70C00E9D2A87890C00E1C475 /* HealthKitReadableNames.swift */; };
		70CF2E982A85E989002604E5 /* FitnessHealthApp.swift in Sources */ = {isa = PBXBuildFile; fileRef = 70CF2E972A85E989002604E5 /* FitnessHealthApp.swift */; };
		70CF2E9E2A85E98B002604E5 /* Assets.xcassets in Resources */ = {isa = PBXBuildFile; fileRef = 70CF2E9D2A85E98B002604E5 /* Assets.xcassets */; };
		70CF2EA22A85E98B002604E5 /* Preview Assets.xcassets in Resources */ = {isa = PBXBuildFile; fileRef = 70CF2EA12A85E98B002604E5 /* Preview Assets.xcassets */; };
		70CF2EAC2A85E98B002604E5 /* FitnessHealthTests.swift in Sources */ = {isa = PBXBuildFile; fileRef = 70CF2EAB2A85E98B002604E5 /* FitnessHealthTests.swift */; };
		70CF2EB62A85E98B002604E5 /* FitnessHealthUITests.swift in Sources */ = {isa = PBXBuildFile; fileRef = 70CF2EB52A85E98B002604E5 /* FitnessHealthUITests.swift */; };
		70CF2EB82A85E98B002604E5 /* FitnessHealthUITestsLaunchTests.swift in Sources */ = {isa = PBXBuildFile; fileRef = 70CF2EB72A85E98B002604E5 /* FitnessHealthUITestsLaunchTests.swift */; };
		70CF2EC82A85EE07002604E5 /* EnableHealthKitView.swift in Sources */ = {isa = PBXBuildFile; fileRef = 70CF2EC72A85EE07002604E5 /* EnableHealthKitView.swift */; };
		70CF2ECA2A85EE42002604E5 /* HealthKitViewModel.swift in Sources */ = {isa = PBXBuildFile; fileRef = 70CF2EC92A85EE42002604E5 /* HealthKitViewModel.swift */; };
		70CF2ECC2A85EE77002604E5 /* HealthKitManager.swift in Sources */ = {isa = PBXBuildFile; fileRef = 70CF2ECB2A85EE77002604E5 /* HealthKitManager.swift */; };
		70FEFA372AB578D2004B1F6E /* HeartRateZoneRepository.swift in Sources */ = {isa = PBXBuildFile; fileRef = 70FEFA362AB578D2004B1F6E /* HeartRateZoneRepository.swift */; };
/* End PBXBuildFile section */

/* Begin PBXContainerItemProxy section */
		70CF2EA82A85E98B002604E5 /* PBXContainerItemProxy */ = {
			isa = PBXContainerItemProxy;
			containerPortal = 70CF2E8C2A85E989002604E5 /* Project object */;
			proxyType = 1;
			remoteGlobalIDString = 70CF2E932A85E989002604E5;
			remoteInfo = FitnessHealth;
		};
		70CF2EB22A85E98B002604E5 /* PBXContainerItemProxy */ = {
			isa = PBXContainerItemProxy;
			containerPortal = 70CF2E8C2A85E989002604E5 /* Project object */;
			proxyType = 1;
			remoteGlobalIDString = 70CF2E932A85E989002604E5;
			remoteInfo = FitnessHealth;
		};
/* End PBXContainerItemProxy section */

/* Begin PBXFileReference section */
		700315E02A9B0A58009A6BFF /* SplitInteractor.swift */ = {isa = PBXFileReference; lastKnownFileType = sourcecode.swift; path = SplitInteractor.swift; sourceTree = "<group>"; };
		700B3A012A8D030E004F1A82 /* AppSettingsRepository.swift */ = {isa = PBXFileReference; lastKnownFileType = sourcecode.swift; path = AppSettingsRepository.swift; sourceTree = "<group>"; };
		700B3A082A8D075C004F1A82 /* SettingsViewModel.swift */ = {isa = PBXFileReference; lastKnownFileType = sourcecode.swift; path = SettingsViewModel.swift; sourceTree = "<group>"; };
		700B3A0A2A8D0766004F1A82 /* SettingsView.swift */ = {isa = PBXFileReference; lastKnownFileType = sourcecode.swift; path = SettingsView.swift; sourceTree = "<group>"; };
		700B3A0D2A908E17004F1A82 /* FullScreenCoverHero.swift */ = {isa = PBXFileReference; lastKnownFileType = sourcecode.swift; path = FullScreenCoverHero.swift; sourceTree = "<group>"; };
		700B3A102A90A963004F1A82 /* MeasurementFormatService.swift */ = {isa = PBXFileReference; lastKnownFileType = sourcecode.swift; path = MeasurementFormatService.swift; sourceTree = "<group>"; };
		70A783D52AA45A570043183D /* ZipMany.swift */ = {isa = PBXFileReference; lastKnownFileType = sourcecode.swift; path = ZipMany.swift; sourceTree = "<group>"; };
		70A783DD2AA4B4DA0043183D /* Localizable.xcstrings */ = {isa = PBXFileReference; lastKnownFileType = text.json.xcstrings; path = Localizable.xcstrings; sourceTree = "<group>"; };
		70A783E52AA4BFE80043183D /* InfoPlist.xcstrings */ = {isa = PBXFileReference; lastKnownFileType = text.json.xcstrings; path = InfoPlist.xcstrings; sourceTree = "<group>"; };
		70AA90072A90C80600E9E205 /* RunListViewModel.swift */ = {isa = PBXFileReference; lastKnownFileType = sourcecode.swift; path = RunListViewModel.swift; sourceTree = "<group>"; };
		70AA90092A90C80F00E9E205 /* RunListView.swift */ = {isa = PBXFileReference; lastKnownFileType = sourcecode.swift; path = RunListView.swift; sourceTree = "<group>"; };
		70AA900C2A91CDDC00E9E205 /* RunDetailView.swift */ = {isa = PBXFileReference; lastKnownFileType = sourcecode.swift; path = RunDetailView.swift; sourceTree = "<group>"; };
		70AA900E2A91CEC600E9E205 /* RunDetailViewModel.swift */ = {isa = PBXFileReference; lastKnownFileType = sourcecode.swift; path = RunDetailViewModel.swift; sourceTree = "<group>"; };
		70C00E852A86314100E1C475 /* DesignSystem */ = {isa = PBXFileReference; lastKnownFileType = wrapper; path = DesignSystem; sourceTree = "<group>"; };
		70C00E902A874E9000E1C475 /* RunPreviewView.swift */ = {isa = PBXFileReference; lastKnownFileType = sourcecode.swift; path = RunPreviewView.swift; sourceTree = "<group>"; };
		70C00E922A874E9B00E1C475 /* RunPreviewViewModel.swift */ = {isa = PBXFileReference; lastKnownFileType = sourcecode.swift; path = RunPreviewViewModel.swift; sourceTree = "<group>"; };
		70C00E952A874F4600E1C475 /* WorkoutsRespository.swift */ = {isa = PBXFileReference; lastKnownFileType = sourcecode.swift; path = WorkoutsRespository.swift; sourceTree = "<group>"; };
		70C00E982A8750FC00E1C475 /* Injection.swift */ = {isa = PBXFileReference; lastKnownFileType = sourcecode.swift; path = Injection.swift; sourceTree = "<group>"; };
		70C00E9A2A87545D00E1C475 /* HealthKitAuthorizationRepository.swift */ = {isa = PBXFileReference; lastKnownFileType = sourcecode.swift; path = HealthKitAuthorizationRepository.swift; sourceTree = "<group>"; };
		70C00E9D2A87890C00E1C475 /* HealthKitReadableNames.swift */ = {isa = PBXFileReference; lastKnownFileType = sourcecode.swift; path = HealthKitReadableNames.swift; sourceTree = "<group>"; };
		70CF2E942A85E989002604E5 /* FitnessHealth.app */ = {isa = PBXFileReference; explicitFileType = wrapper.application; includeInIndex = 0; path = FitnessHealth.app; sourceTree = BUILT_PRODUCTS_DIR; };
		70CF2E972A85E989002604E5 /* FitnessHealthApp.swift */ = {isa = PBXFileReference; lastKnownFileType = sourcecode.swift; path = FitnessHealthApp.swift; sourceTree = "<group>"; };
		70CF2E9D2A85E98B002604E5 /* Assets.xcassets */ = {isa = PBXFileReference; lastKnownFileType = folder.assetcatalog; path = Assets.xcassets; sourceTree = "<group>"; };
		70CF2E9F2A85E98B002604E5 /* FitnessHealth.entitlements */ = {isa = PBXFileReference; lastKnownFileType = text.plist.entitlements; path = FitnessHealth.entitlements; sourceTree = "<group>"; };
		70CF2EA12A85E98B002604E5 /* Preview Assets.xcassets */ = {isa = PBXFileReference; lastKnownFileType = folder.assetcatalog; path = "Preview Assets.xcassets"; sourceTree = "<group>"; };
		70CF2EA72A85E98B002604E5 /* FitnessHealthTests.xctest */ = {isa = PBXFileReference; explicitFileType = wrapper.cfbundle; includeInIndex = 0; path = FitnessHealthTests.xctest; sourceTree = BUILT_PRODUCTS_DIR; };
		70CF2EAB2A85E98B002604E5 /* FitnessHealthTests.swift */ = {isa = PBXFileReference; lastKnownFileType = sourcecode.swift; path = FitnessHealthTests.swift; sourceTree = "<group>"; };
		70CF2EB12A85E98B002604E5 /* FitnessHealthUITests.xctest */ = {isa = PBXFileReference; explicitFileType = wrapper.cfbundle; includeInIndex = 0; path = FitnessHealthUITests.xctest; sourceTree = BUILT_PRODUCTS_DIR; };
		70CF2EB52A85E98B002604E5 /* FitnessHealthUITests.swift */ = {isa = PBXFileReference; lastKnownFileType = sourcecode.swift; path = FitnessHealthUITests.swift; sourceTree = "<group>"; };
		70CF2EB72A85E98B002604E5 /* FitnessHealthUITestsLaunchTests.swift */ = {isa = PBXFileReference; lastKnownFileType = sourcecode.swift; path = FitnessHealthUITestsLaunchTests.swift; sourceTree = "<group>"; };
		70CF2EC72A85EE07002604E5 /* EnableHealthKitView.swift */ = {isa = PBXFileReference; lastKnownFileType = sourcecode.swift; path = EnableHealthKitView.swift; sourceTree = "<group>"; };
		70CF2EC92A85EE42002604E5 /* HealthKitViewModel.swift */ = {isa = PBXFileReference; lastKnownFileType = sourcecode.swift; path = HealthKitViewModel.swift; sourceTree = "<group>"; };
		70CF2ECB2A85EE77002604E5 /* HealthKitManager.swift */ = {isa = PBXFileReference; lastKnownFileType = sourcecode.swift; path = HealthKitManager.swift; sourceTree = "<group>"; };
		70FEFA362AB578D2004B1F6E /* HeartRateZoneRepository.swift */ = {isa = PBXFileReference; lastKnownFileType = sourcecode.swift; path = HeartRateZoneRepository.swift; sourceTree = "<group>"; };
/* End PBXFileReference section */

/* Begin PBXFrameworksBuildPhase section */
		70CF2E912A85E989002604E5 /* Frameworks */ = {
			isa = PBXFrameworksBuildPhase;
			buildActionMask = 2147483647;
			files = (
				70C00E882A86320E00E1C475 /* Factory in Frameworks */,
				700B3A052A8D033D004F1A82 /* Foil in Frameworks */,
				70C00E8B2A86321800E1C475 /* DesignSystem in Frameworks */,
			);
			runOnlyForDeploymentPostprocessing = 0;
		};
		70CF2EA42A85E98B002604E5 /* Frameworks */ = {
			isa = PBXFrameworksBuildPhase;
			buildActionMask = 2147483647;
			files = (
			);
			runOnlyForDeploymentPostprocessing = 0;
		};
		70CF2EAE2A85E98B002604E5 /* Frameworks */ = {
			isa = PBXFrameworksBuildPhase;
			buildActionMask = 2147483647;
			files = (
			);
			runOnlyForDeploymentPostprocessing = 0;
		};
/* End PBXFrameworksBuildPhase section */

/* Begin PBXGroup section */
		700315DF2A9B0A58009A6BFF /* Interactors */ = {
			isa = PBXGroup;
			children = (
				700315E02A9B0A58009A6BFF /* SplitInteractor.swift */,
			);
			path = Interactors;
			sourceTree = "<group>";
		};
		700B3A062A8D0727004F1A82 /* Settings */ = {
			isa = PBXGroup;
			children = (
				700B3A082A8D075C004F1A82 /* SettingsViewModel.swift */,
				700B3A0A2A8D0766004F1A82 /* SettingsView.swift */,
			);
			path = Settings;
			sourceTree = "<group>";
		};
		700B3A0C2A908DF9004F1A82 /* UIExtensions */ = {
			isa = PBXGroup;
			children = (
				700B3A0D2A908E17004F1A82 /* FullScreenCoverHero.swift */,
			);
			path = UIExtensions;
			sourceTree = "<group>";
		};
		700B3A0F2A90A94B004F1A82 /* Services */ = {
			isa = PBXGroup;
			children = (
				700B3A102A90A963004F1A82 /* MeasurementFormatService.swift */,
			);
			path = Services;
			sourceTree = "<group>";
		};
		70A783D42AA45A4A0043183D /* Extensions */ = {
			isa = PBXGroup;
			children = (
				70A783D52AA45A570043183D /* ZipMany.swift */,
			);
			path = Extensions;
			sourceTree = "<group>";
		};
		70AA90062A90C7EA00E9E205 /* RunListView */ = {
			isa = PBXGroup;
			children = (
				70AA90072A90C80600E9E205 /* RunListViewModel.swift */,
				70AA90092A90C80F00E9E205 /* RunListView.swift */,
			);
			path = RunListView;
			sourceTree = "<group>";
		};
		70AA900B2A91CDCB00E9E205 /* RunDetailView */ = {
			isa = PBXGroup;
			children = (
				70AA900C2A91CDDC00E9E205 /* RunDetailView.swift */,
				70AA900E2A91CEC600E9E205 /* RunDetailViewModel.swift */,
			);
			path = RunDetailView;
			sourceTree = "<group>";
		};
		70C00E892A86321800E1C475 /* Frameworks */ = {
			isa = PBXGroup;
			children = (
			);
			name = Frameworks;
			sourceTree = "<group>";
		};
		70C00E8C2A874DB900E1C475 /* Home */ = {
			isa = PBXGroup;
			children = (
			);
			path = Home;
			sourceTree = "<group>";
		};
		70C00E8D2A874DBE00E1C475 /* Fitness */ = {
			isa = PBXGroup;
			children = (
				70AA900B2A91CDCB00E9E205 /* RunDetailView */,
				70AA90062A90C7EA00E9E205 /* RunListView */,
				70C00E8F2A874E7900E1C475 /* RunPreviewView */,
			);
			path = Fitness;
			sourceTree = "<group>";
		};
		70C00E8E2A874DC600E1C475 /* Health */ = {
			isa = PBXGroup;
			children = (
			);
			path = Health;
			sourceTree = "<group>";
		};
		70C00E8F2A874E7900E1C475 /* RunPreviewView */ = {
			isa = PBXGroup;
			children = (
				70C00E902A874E9000E1C475 /* RunPreviewView.swift */,
				70C00E922A874E9B00E1C475 /* RunPreviewViewModel.swift */,
			);
			path = RunPreviewView;
			sourceTree = "<group>";
		};
		70C00E942A874F3300E1C475 /* Workouts */ = {
			isa = PBXGroup;
			children = (
				70C00E952A874F4600E1C475 /* WorkoutsRespository.swift */,
			);
			path = Workouts;
			sourceTree = "<group>";
		};
		70C00E972A8750DC00E1C475 /* Injection */ = {
			isa = PBXGroup;
			children = (
				70C00E982A8750FC00E1C475 /* Injection.swift */,
			);
			path = Injection;
			sourceTree = "<group>";
		};
		70C00E9C2A8788C900E1C475 /* HealthKitExtensions */ = {
			isa = PBXGroup;
			children = (
				70C00E9D2A87890C00E1C475 /* HealthKitReadableNames.swift */,
			);
			path = HealthKitExtensions;
			sourceTree = "<group>";
		};
		70CF2E8B2A85E989002604E5 = {
			isa = PBXGroup;
			children = (
				70CF2E962A85E989002604E5 /* FitnessHealth */,
				70CF2EAA2A85E98B002604E5 /* FitnessHealthTests */,
				70CF2EB42A85E98B002604E5 /* FitnessHealthUITests */,
				70CF2E952A85E989002604E5 /* Products */,
				70C00E892A86321800E1C475 /* Frameworks */,
			);
			sourceTree = "<group>";
		};
		70CF2E952A85E989002604E5 /* Products */ = {
			isa = PBXGroup;
			children = (
				70CF2E942A85E989002604E5 /* FitnessHealth.app */,
				70CF2EA72A85E98B002604E5 /* FitnessHealthTests.xctest */,
				70CF2EB12A85E98B002604E5 /* FitnessHealthUITests.xctest */,
			);
			name = Products;
			sourceTree = "<group>";
		};
		70CF2E962A85E989002604E5 /* FitnessHealth */ = {
			isa = PBXGroup;
			children = (
				70A783D42AA45A4A0043183D /* Extensions */,
				700315DF2A9B0A58009A6BFF /* Interactors */,
				700B3A0F2A90A94B004F1A82 /* Services */,
				700B3A0C2A908DF9004F1A82 /* UIExtensions */,
				70C00E9C2A8788C900E1C475 /* HealthKitExtensions */,
				70C00E972A8750DC00E1C475 /* Injection */,
				70C00E852A86314100E1C475 /* DesignSystem */,
				70CF2EC62A85ED51002604E5 /* Repositories */,
				70CF2EC42A85ED2C002604E5 /* Flows */,
				70CF2E972A85E989002604E5 /* FitnessHealthApp.swift */,
				70CF2E9D2A85E98B002604E5 /* Assets.xcassets */,
				70CF2E9F2A85E98B002604E5 /* FitnessHealth.entitlements */,
				70CF2EA02A85E98B002604E5 /* Preview Content */,
				70A783DD2AA4B4DA0043183D /* Localizable.xcstrings */,
				70A783E52AA4BFE80043183D /* InfoPlist.xcstrings */,
			);
			path = FitnessHealth;
			sourceTree = "<group>";
		};
		70CF2EA02A85E98B002604E5 /* Preview Content */ = {
			isa = PBXGroup;
			children = (
				70CF2EA12A85E98B002604E5 /* Preview Assets.xcassets */,
			);
			path = "Preview Content";
			sourceTree = "<group>";
		};
		70CF2EAA2A85E98B002604E5 /* FitnessHealthTests */ = {
			isa = PBXGroup;
			children = (
				70CF2EAB2A85E98B002604E5 /* FitnessHealthTests.swift */,
			);
			path = FitnessHealthTests;
			sourceTree = "<group>";
		};
		70CF2EB42A85E98B002604E5 /* FitnessHealthUITests */ = {
			isa = PBXGroup;
			children = (
				70CF2EB52A85E98B002604E5 /* FitnessHealthUITests.swift */,
				70CF2EB72A85E98B002604E5 /* FitnessHealthUITestsLaunchTests.swift */,
			);
			path = FitnessHealthUITests;
			sourceTree = "<group>";
		};
		70CF2EC42A85ED2C002604E5 /* Flows */ = {
			isa = PBXGroup;
			children = (
				700B3A062A8D0727004F1A82 /* Settings */,
				70C00E8E2A874DC600E1C475 /* Health */,
				70C00E8D2A874DBE00E1C475 /* Fitness */,
				70C00E8C2A874DB900E1C475 /* Home */,
				70CF2EC52A85ED3A002604E5 /* EnableHealth */,
			);
			path = Flows;
			sourceTree = "<group>";
		};
		70CF2EC52A85ED3A002604E5 /* EnableHealth */ = {
			isa = PBXGroup;
			children = (
				70CF2EC72A85EE07002604E5 /* EnableHealthKitView.swift */,
				70CF2EC92A85EE42002604E5 /* HealthKitViewModel.swift */,
				70CF2ECB2A85EE77002604E5 /* HealthKitManager.swift */,
			);
			path = EnableHealth;
			sourceTree = "<group>";
		};
		70CF2EC62A85ED51002604E5 /* Repositories */ = {
			isa = PBXGroup;
			children = (
				70FEFA362AB578D2004B1F6E /* HeartRateZoneRepository.swift */,
				70C00E942A874F3300E1C475 /* Workouts */,
				70C00E9A2A87545D00E1C475 /* HealthKitAuthorizationRepository.swift */,
				700B3A012A8D030E004F1A82 /* AppSettingsRepository.swift */,
			);
			path = Repositories;
			sourceTree = "<group>";
		};
/* End PBXGroup section */

/* Begin PBXNativeTarget section */
		70CF2E932A85E989002604E5 /* FitnessHealth */ = {
			isa = PBXNativeTarget;
			buildConfigurationList = 70CF2EBB2A85E98B002604E5 /* Build configuration list for PBXNativeTarget "FitnessHealth" */;
			buildPhases = (
				70CF2E902A85E989002604E5 /* Sources */,
				70CF2E912A85E989002604E5 /* Frameworks */,
				70CF2E922A85E989002604E5 /* Resources */,
			);
			buildRules = (
			);
			dependencies = (
			);
			name = FitnessHealth;
			packageProductDependencies = (
				70C00E872A86320E00E1C475 /* Factory */,
				70C00E8A2A86321800E1C475 /* DesignSystem */,
				700B3A042A8D033D004F1A82 /* Foil */,
			);
			productName = FitnessHealth;
			productReference = 70CF2E942A85E989002604E5 /* FitnessHealth.app */;
			productType = "com.apple.product-type.application";
		};
		70CF2EA62A85E98B002604E5 /* FitnessHealthTests */ = {
			isa = PBXNativeTarget;
			buildConfigurationList = 70CF2EBE2A85E98B002604E5 /* Build configuration list for PBXNativeTarget "FitnessHealthTests" */;
			buildPhases = (
				70CF2EA32A85E98B002604E5 /* Sources */,
				70CF2EA42A85E98B002604E5 /* Frameworks */,
				70CF2EA52A85E98B002604E5 /* Resources */,
			);
			buildRules = (
			);
			dependencies = (
				70CF2EA92A85E98B002604E5 /* PBXTargetDependency */,
			);
			name = FitnessHealthTests;
			productName = FitnessHealthTests;
			productReference = 70CF2EA72A85E98B002604E5 /* FitnessHealthTests.xctest */;
			productType = "com.apple.product-type.bundle.unit-test";
		};
		70CF2EB02A85E98B002604E5 /* FitnessHealthUITests */ = {
			isa = PBXNativeTarget;
			buildConfigurationList = 70CF2EC12A85E98B002604E5 /* Build configuration list for PBXNativeTarget "FitnessHealthUITests" */;
			buildPhases = (
				70CF2EAD2A85E98B002604E5 /* Sources */,
				70CF2EAE2A85E98B002604E5 /* Frameworks */,
				70CF2EAF2A85E98B002604E5 /* Resources */,
			);
			buildRules = (
			);
			dependencies = (
				70CF2EB32A85E98B002604E5 /* PBXTargetDependency */,
			);
			name = FitnessHealthUITests;
			productName = FitnessHealthUITests;
			productReference = 70CF2EB12A85E98B002604E5 /* FitnessHealthUITests.xctest */;
			productType = "com.apple.product-type.bundle.ui-testing";
		};
/* End PBXNativeTarget section */

/* Begin PBXProject section */
		70CF2E8C2A85E989002604E5 /* Project object */ = {
			isa = PBXProject;
			attributes = {
				BuildIndependentTargetsInParallel = 1;
				LastSwiftUpdateCheck = 1500;
				LastUpgradeCheck = 1500;
				TargetAttributes = {
					70CF2E932A85E989002604E5 = {
						CreatedOnToolsVersion = 15.0;
					};
					70CF2EA62A85E98B002604E5 = {
						CreatedOnToolsVersion = 15.0;
						TestTargetID = 70CF2E932A85E989002604E5;
					};
					70CF2EB02A85E98B002604E5 = {
						CreatedOnToolsVersion = 15.0;
						TestTargetID = 70CF2E932A85E989002604E5;
					};
				};
			};
			buildConfigurationList = 70CF2E8F2A85E989002604E5 /* Build configuration list for PBXProject "FitnessHealth" */;
			compatibilityVersion = "Xcode 14.0";
			developmentRegion = en;
			hasScannedForEncodings = 0;
			knownRegions = (
				en,
				Base,
				ja,
			);
			mainGroup = 70CF2E8B2A85E989002604E5;
			packageReferences = (
				70C00E862A86320E00E1C475 /* XCRemoteSwiftPackageReference "Factory" */,
				700B3A032A8D033D004F1A82 /* XCRemoteSwiftPackageReference "Foil" */,
			);
			productRefGroup = 70CF2E952A85E989002604E5 /* Products */;
			projectDirPath = "";
			projectRoot = "";
			targets = (
				70CF2E932A85E989002604E5 /* FitnessHealth */,
				70CF2EA62A85E98B002604E5 /* FitnessHealthTests */,
				70CF2EB02A85E98B002604E5 /* FitnessHealthUITests */,
			);
		};
/* End PBXProject section */

/* Begin PBXResourcesBuildPhase section */
		70CF2E922A85E989002604E5 /* Resources */ = {
			isa = PBXResourcesBuildPhase;
			buildActionMask = 2147483647;
			files = (
				70CF2EA22A85E98B002604E5 /* Preview Assets.xcassets in Resources */,
				70CF2E9E2A85E98B002604E5 /* Assets.xcassets in Resources */,
				70A783E62AA4BFE80043183D /* InfoPlist.xcstrings in Resources */,
				70A783DE2AA4B4DA0043183D /* Localizable.xcstrings in Resources */,
			);
			runOnlyForDeploymentPostprocessing = 0;
		};
		70CF2EA52A85E98B002604E5 /* Resources */ = {
			isa = PBXResourcesBuildPhase;
			buildActionMask = 2147483647;
			files = (
			);
			runOnlyForDeploymentPostprocessing = 0;
		};
		70CF2EAF2A85E98B002604E5 /* Resources */ = {
			isa = PBXResourcesBuildPhase;
			buildActionMask = 2147483647;
			files = (
			);
			runOnlyForDeploymentPostprocessing = 0;
		};
/* End PBXResourcesBuildPhase section */

/* Begin PBXSourcesBuildPhase section */
		70CF2E902A85E989002604E5 /* Sources */ = {
			isa = PBXSourcesBuildPhase;
			buildActionMask = 2147483647;
			files = (
				70CF2EC82A85EE07002604E5 /* EnableHealthKitView.swift in Sources */,
				70CF2ECC2A85EE77002604E5 /* HealthKitManager.swift in Sources */,
				70C00E9B2A87545D00E1C475 /* HealthKitAuthorizationRepository.swift in Sources */,
				700B3A092A8D075C004F1A82 /* SettingsViewModel.swift in Sources */,
				700B3A022A8D030E004F1A82 /* AppSettingsRepository.swift in Sources */,
				70A783D62AA45A570043183D /* ZipMany.swift in Sources */,
				70AA900A2A90C80F00E9E205 /* RunListView.swift in Sources */,
				700315E12A9B17A1009A6BFF /* SplitInteractor.swift in Sources */,
				70C00E912A874E9000E1C475 /* RunPreviewView.swift in Sources */,
				700B3A0B2A8D0766004F1A82 /* SettingsView.swift in Sources */,
				70AA900D2A91CDDC00E9E205 /* RunDetailView.swift in Sources */,
				70C00E932A874E9B00E1C475 /* RunPreviewViewModel.swift in Sources */,
				70AA900F2A91CEC600E9E205 /* RunDetailViewModel.swift in Sources */,
				70C00E962A874F4600E1C475 /* WorkoutsRespository.swift in Sources */,
				70C00E992A8750FC00E1C475 /* Injection.swift in Sources */,
				70C00E9E2A87890C00E1C475 /* HealthKitReadableNames.swift in Sources */,
				70CF2ECA2A85EE42002604E5 /* HealthKitViewModel.swift in Sources */,
				70FEFA372AB578D2004B1F6E /* HeartRateZoneRepository.swift in Sources */,
				700B3A112A90A963004F1A82 /* MeasurementFormatService.swift in Sources */,
				70CF2E982A85E989002604E5 /* FitnessHealthApp.swift in Sources */,
				70AA90082A90C80600E9E205 /* RunListViewModel.swift in Sources */,
				700B3A0E2A908E17004F1A82 /* FullScreenCoverHero.swift in Sources */,
			);
			runOnlyForDeploymentPostprocessing = 0;
		};
		70CF2EA32A85E98B002604E5 /* Sources */ = {
			isa = PBXSourcesBuildPhase;
			buildActionMask = 2147483647;
			files = (
				70CF2EAC2A85E98B002604E5 /* FitnessHealthTests.swift in Sources */,
			);
			runOnlyForDeploymentPostprocessing = 0;
		};
		70CF2EAD2A85E98B002604E5 /* Sources */ = {
			isa = PBXSourcesBuildPhase;
			buildActionMask = 2147483647;
			files = (
				70CF2EB62A85E98B002604E5 /* FitnessHealthUITests.swift in Sources */,
				70CF2EB82A85E98B002604E5 /* FitnessHealthUITestsLaunchTests.swift in Sources */,
			);
			runOnlyForDeploymentPostprocessing = 0;
		};
/* End PBXSourcesBuildPhase section */

/* Begin PBXTargetDependency section */
		70CF2EA92A85E98B002604E5 /* PBXTargetDependency */ = {
			isa = PBXTargetDependency;
			target = 70CF2E932A85E989002604E5 /* FitnessHealth */;
			targetProxy = 70CF2EA82A85E98B002604E5 /* PBXContainerItemProxy */;
		};
		70CF2EB32A85E98B002604E5 /* PBXTargetDependency */ = {
			isa = PBXTargetDependency;
			target = 70CF2E932A85E989002604E5 /* FitnessHealth */;
			targetProxy = 70CF2EB22A85E98B002604E5 /* PBXContainerItemProxy */;
		};
/* End PBXTargetDependency section */

/* Begin XCBuildConfiguration section */
		70CF2EB92A85E98B002604E5 /* Debug */ = {
			isa = XCBuildConfiguration;
			buildSettings = {
				ALWAYS_SEARCH_USER_PATHS = NO;
				ASSETCATALOG_COMPILER_GENERATE_SWIFT_ASSET_SYMBOL_EXTENSIONS = YES;
				CLANG_ANALYZER_NONNULL = YES;
				CLANG_ANALYZER_NUMBER_OBJECT_CONVERSION = YES_AGGRESSIVE;
				CLANG_CXX_LANGUAGE_STANDARD = "gnu++20";
				CLANG_ENABLE_MODULES = YES;
				CLANG_ENABLE_OBJC_ARC = YES;
				CLANG_ENABLE_OBJC_WEAK = YES;
				CLANG_WARN_BLOCK_CAPTURE_AUTORELEASING = YES;
				CLANG_WARN_BOOL_CONVERSION = YES;
				CLANG_WARN_COMMA = YES;
				CLANG_WARN_CONSTANT_CONVERSION = YES;
				CLANG_WARN_DEPRECATED_OBJC_IMPLEMENTATIONS = YES;
				CLANG_WARN_DIRECT_OBJC_ISA_USAGE = YES_ERROR;
				CLANG_WARN_DOCUMENTATION_COMMENTS = YES;
				CLANG_WARN_EMPTY_BODY = YES;
				CLANG_WARN_ENUM_CONVERSION = YES;
				CLANG_WARN_INFINITE_RECURSION = YES;
				CLANG_WARN_INT_CONVERSION = YES;
				CLANG_WARN_NON_LITERAL_NULL_CONVERSION = YES;
				CLANG_WARN_OBJC_IMPLICIT_RETAIN_SELF = YES;
				CLANG_WARN_OBJC_LITERAL_CONVERSION = YES;
				CLANG_WARN_OBJC_ROOT_CLASS = YES_ERROR;
				CLANG_WARN_QUOTED_INCLUDE_IN_FRAMEWORK_HEADER = YES;
				CLANG_WARN_RANGE_LOOP_ANALYSIS = YES;
				CLANG_WARN_STRICT_PROTOTYPES = YES;
				CLANG_WARN_SUSPICIOUS_MOVE = YES;
				CLANG_WARN_UNGUARDED_AVAILABILITY = YES_AGGRESSIVE;
				CLANG_WARN_UNREACHABLE_CODE = YES;
				CLANG_WARN__DUPLICATE_METHOD_MATCH = YES;
				COPY_PHASE_STRIP = NO;
				DEBUG_INFORMATION_FORMAT = dwarf;
				ENABLE_STRICT_OBJC_MSGSEND = YES;
				ENABLE_TESTABILITY = YES;
				ENABLE_USER_SCRIPT_SANDBOXING = YES;
				GCC_C_LANGUAGE_STANDARD = gnu17;
				GCC_DYNAMIC_NO_PIC = NO;
				GCC_NO_COMMON_BLOCKS = YES;
				GCC_OPTIMIZATION_LEVEL = 0;
				GCC_PREPROCESSOR_DEFINITIONS = (
					"DEBUG=1",
					"$(inherited)",
				);
				GCC_WARN_64_TO_32_BIT_CONVERSION = YES;
				GCC_WARN_ABOUT_RETURN_TYPE = YES_ERROR;
				GCC_WARN_UNDECLARED_SELECTOR = YES;
				GCC_WARN_UNINITIALIZED_AUTOS = YES_AGGRESSIVE;
				GCC_WARN_UNUSED_FUNCTION = YES;
				GCC_WARN_UNUSED_VARIABLE = YES;
				LOCALIZATION_PREFERS_STRING_CATALOGS = YES;
				MTL_ENABLE_DEBUG_INFO = INCLUDE_SOURCE;
				MTL_FAST_MATH = YES;
				ONLY_ACTIVE_ARCH = YES;
				SWIFT_ACTIVE_COMPILATION_CONDITIONS = "DEBUG $(inherited)";
				SWIFT_OPTIMIZATION_LEVEL = "-Onone";
			};
			name = Debug;
		};
		70CF2EBA2A85E98B002604E5 /* Release */ = {
			isa = XCBuildConfiguration;
			buildSettings = {
				ALWAYS_SEARCH_USER_PATHS = NO;
				ASSETCATALOG_COMPILER_GENERATE_SWIFT_ASSET_SYMBOL_EXTENSIONS = YES;
				CLANG_ANALYZER_NONNULL = YES;
				CLANG_ANALYZER_NUMBER_OBJECT_CONVERSION = YES_AGGRESSIVE;
				CLANG_CXX_LANGUAGE_STANDARD = "gnu++20";
				CLANG_ENABLE_MODULES = YES;
				CLANG_ENABLE_OBJC_ARC = YES;
				CLANG_ENABLE_OBJC_WEAK = YES;
				CLANG_WARN_BLOCK_CAPTURE_AUTORELEASING = YES;
				CLANG_WARN_BOOL_CONVERSION = YES;
				CLANG_WARN_COMMA = YES;
				CLANG_WARN_CONSTANT_CONVERSION = YES;
				CLANG_WARN_DEPRECATED_OBJC_IMPLEMENTATIONS = YES;
				CLANG_WARN_DIRECT_OBJC_ISA_USAGE = YES_ERROR;
				CLANG_WARN_DOCUMENTATION_COMMENTS = YES;
				CLANG_WARN_EMPTY_BODY = YES;
				CLANG_WARN_ENUM_CONVERSION = YES;
				CLANG_WARN_INFINITE_RECURSION = YES;
				CLANG_WARN_INT_CONVERSION = YES;
				CLANG_WARN_NON_LITERAL_NULL_CONVERSION = YES;
				CLANG_WARN_OBJC_IMPLICIT_RETAIN_SELF = YES;
				CLANG_WARN_OBJC_LITERAL_CONVERSION = YES;
				CLANG_WARN_OBJC_ROOT_CLASS = YES_ERROR;
				CLANG_WARN_QUOTED_INCLUDE_IN_FRAMEWORK_HEADER = YES;
				CLANG_WARN_RANGE_LOOP_ANALYSIS = YES;
				CLANG_WARN_STRICT_PROTOTYPES = YES;
				CLANG_WARN_SUSPICIOUS_MOVE = YES;
				CLANG_WARN_UNGUARDED_AVAILABILITY = YES_AGGRESSIVE;
				CLANG_WARN_UNREACHABLE_CODE = YES;
				CLANG_WARN__DUPLICATE_METHOD_MATCH = YES;
				COPY_PHASE_STRIP = NO;
				DEBUG_INFORMATION_FORMAT = "dwarf-with-dsym";
				ENABLE_NS_ASSERTIONS = NO;
				ENABLE_STRICT_OBJC_MSGSEND = YES;
				ENABLE_USER_SCRIPT_SANDBOXING = YES;
				GCC_C_LANGUAGE_STANDARD = gnu17;
				GCC_NO_COMMON_BLOCKS = YES;
				GCC_WARN_64_TO_32_BIT_CONVERSION = YES;
				GCC_WARN_ABOUT_RETURN_TYPE = YES_ERROR;
				GCC_WARN_UNDECLARED_SELECTOR = YES;
				GCC_WARN_UNINITIALIZED_AUTOS = YES_AGGRESSIVE;
				GCC_WARN_UNUSED_FUNCTION = YES;
				GCC_WARN_UNUSED_VARIABLE = YES;
				LOCALIZATION_PREFERS_STRING_CATALOGS = YES;
				MTL_ENABLE_DEBUG_INFO = NO;
				MTL_FAST_MATH = YES;
				SWIFT_COMPILATION_MODE = wholemodule;
			};
			name = Release;
		};
		70CF2EBC2A85E98B002604E5 /* Debug */ = {
			isa = XCBuildConfiguration;
			buildSettings = {
				ASSETCATALOG_COMPILER_APPICON_NAME = AppIcon;
				ASSETCATALOG_COMPILER_GLOBAL_ACCENT_COLOR_NAME = AccentColor;
				CODE_SIGN_ENTITLEMENTS = FitnessHealth/FitnessHealth.entitlements;
				CODE_SIGN_STYLE = Automatic;
				CURRENT_PROJECT_VERSION = 1;
				DEVELOPMENT_ASSET_PATHS = "\"FitnessHealth/Preview Content\"";
				DEVELOPMENT_TEAM = CPNL28J33D;
				ENABLE_HARDENED_RUNTIME = YES;
				ENABLE_PREVIEWS = YES;
				GENERATE_INFOPLIST_FILE = YES;
				INFOPLIST_KEY_NSHealthShareUsageDescription = "Allow this App to update your health data based on your activity";
				INFOPLIST_KEY_NSHealthUpdateUsageDescription = "Allow this App to access your health data";
				"INFOPLIST_KEY_UIApplicationSceneManifest_Generation[sdk=iphoneos*]" = YES;
				"INFOPLIST_KEY_UIApplicationSceneManifest_Generation[sdk=iphonesimulator*]" = YES;
				"INFOPLIST_KEY_UIApplicationSupportsIndirectInputEvents[sdk=iphoneos*]" = YES;
				"INFOPLIST_KEY_UIApplicationSupportsIndirectInputEvents[sdk=iphonesimulator*]" = YES;
				"INFOPLIST_KEY_UILaunchScreen_Generation[sdk=iphoneos*]" = YES;
				"INFOPLIST_KEY_UILaunchScreen_Generation[sdk=iphonesimulator*]" = YES;
				"INFOPLIST_KEY_UIStatusBarStyle[sdk=iphoneos*]" = UIStatusBarStyleDefault;
				"INFOPLIST_KEY_UIStatusBarStyle[sdk=iphonesimulator*]" = UIStatusBarStyleDefault;
				INFOPLIST_KEY_UISupportedInterfaceOrientations_iPad = "UIInterfaceOrientationPortrait UIInterfaceOrientationPortraitUpsideDown UIInterfaceOrientationLandscapeLeft UIInterfaceOrientationLandscapeRight";
				INFOPLIST_KEY_UISupportedInterfaceOrientations_iPhone = "UIInterfaceOrientationPortrait UIInterfaceOrientationLandscapeLeft UIInterfaceOrientationLandscapeRight";
				IPHONEOS_DEPLOYMENT_TARGET = 17.0;
				LD_RUNPATH_SEARCH_PATHS = "@executable_path/Frameworks";
				"LD_RUNPATH_SEARCH_PATHS[sdk=macosx*]" = "@executable_path/../Frameworks";
				MACOSX_DEPLOYMENT_TARGET = 14.0;
				MARKETING_VERSION = 1.0;
				PRODUCT_BUNDLE_IDENTIFIER = saltyskip.FitnessHealth;
				PRODUCT_NAME = "$(TARGET_NAME)";
				SDKROOT = auto;
				SUPPORTED_PLATFORMS = "iphoneos iphonesimulator macosx";
				SWIFT_EMIT_LOC_STRINGS = YES;
				SWIFT_VERSION = 5.0;
				TARGETED_DEVICE_FAMILY = "1,2";
			};
			name = Debug;
		};
		70CF2EBD2A85E98B002604E5 /* Release */ = {
			isa = XCBuildConfiguration;
			buildSettings = {
				ASSETCATALOG_COMPILER_APPICON_NAME = AppIcon;
				ASSETCATALOG_COMPILER_GLOBAL_ACCENT_COLOR_NAME = AccentColor;
				CODE_SIGN_ENTITLEMENTS = FitnessHealth/FitnessHealth.entitlements;
				CODE_SIGN_STYLE = Automatic;
				CURRENT_PROJECT_VERSION = 1;
				DEVELOPMENT_ASSET_PATHS = "\"FitnessHealth/Preview Content\"";
				DEVELOPMENT_TEAM = CPNL28J33D;
				ENABLE_HARDENED_RUNTIME = YES;
				ENABLE_PREVIEWS = YES;
				GENERATE_INFOPLIST_FILE = YES;
				INFOPLIST_KEY_NSHealthShareUsageDescription = "Allow this App to update your health data based on your activity";
				INFOPLIST_KEY_NSHealthUpdateUsageDescription = "Allow this App to access your health data";
				"INFOPLIST_KEY_UIApplicationSceneManifest_Generation[sdk=iphoneos*]" = YES;
				"INFOPLIST_KEY_UIApplicationSceneManifest_Generation[sdk=iphonesimulator*]" = YES;
				"INFOPLIST_KEY_UIApplicationSupportsIndirectInputEvents[sdk=iphoneos*]" = YES;
				"INFOPLIST_KEY_UIApplicationSupportsIndirectInputEvents[sdk=iphonesimulator*]" = YES;
				"INFOPLIST_KEY_UILaunchScreen_Generation[sdk=iphoneos*]" = YES;
				"INFOPLIST_KEY_UILaunchScreen_Generation[sdk=iphonesimulator*]" = YES;
				"INFOPLIST_KEY_UIStatusBarStyle[sdk=iphoneos*]" = UIStatusBarStyleDefault;
				"INFOPLIST_KEY_UIStatusBarStyle[sdk=iphonesimulator*]" = UIStatusBarStyleDefault;
				INFOPLIST_KEY_UISupportedInterfaceOrientations_iPad = "UIInterfaceOrientationPortrait UIInterfaceOrientationPortraitUpsideDown UIInterfaceOrientationLandscapeLeft UIInterfaceOrientationLandscapeRight";
				INFOPLIST_KEY_UISupportedInterfaceOrientations_iPhone = "UIInterfaceOrientationPortrait UIInterfaceOrientationLandscapeLeft UIInterfaceOrientationLandscapeRight";
				IPHONEOS_DEPLOYMENT_TARGET = 17.0;
				LD_RUNPATH_SEARCH_PATHS = "@executable_path/Frameworks";
				"LD_RUNPATH_SEARCH_PATHS[sdk=macosx*]" = "@executable_path/../Frameworks";
				MACOSX_DEPLOYMENT_TARGET = 14.0;
				MARKETING_VERSION = 1.0;
				PRODUCT_BUNDLE_IDENTIFIER = saltyskip.FitnessHealth;
				PRODUCT_NAME = "$(TARGET_NAME)";
				SDKROOT = auto;
				SUPPORTED_PLATFORMS = "iphoneos iphonesimulator macosx";
				SWIFT_EMIT_LOC_STRINGS = YES;
				SWIFT_VERSION = 5.0;
				TARGETED_DEVICE_FAMILY = "1,2";
			};
			name = Release;
		};
		70CF2EBF2A85E98B002604E5 /* Debug */ = {
			isa = XCBuildConfiguration;
			buildSettings = {
				ALWAYS_EMBED_SWIFT_STANDARD_LIBRARIES = YES;
				BUNDLE_LOADER = "$(TEST_HOST)";
				CODE_SIGN_STYLE = Automatic;
				CURRENT_PROJECT_VERSION = 1;
				DEVELOPMENT_TEAM = CPNL28J33D;
				GENERATE_INFOPLIST_FILE = YES;
				IPHONEOS_DEPLOYMENT_TARGET = 17.0;
				MACOSX_DEPLOYMENT_TARGET = 13.5;
				MARKETING_VERSION = 1.0;
				PRODUCT_BUNDLE_IDENTIFIER = saltyskip.FitnessHealthTests;
				PRODUCT_NAME = "$(TARGET_NAME)";
				SDKROOT = auto;
				SUPPORTED_PLATFORMS = "iphoneos iphonesimulator macosx";
				SWIFT_EMIT_LOC_STRINGS = NO;
				SWIFT_VERSION = 5.0;
				TARGETED_DEVICE_FAMILY = "1,2";
				TEST_HOST = "$(BUILT_PRODUCTS_DIR)/FitnessHealth.app/$(BUNDLE_EXECUTABLE_FOLDER_PATH)/FitnessHealth";
			};
			name = Debug;
		};
		70CF2EC02A85E98B002604E5 /* Release */ = {
			isa = XCBuildConfiguration;
			buildSettings = {
				ALWAYS_EMBED_SWIFT_STANDARD_LIBRARIES = YES;
				BUNDLE_LOADER = "$(TEST_HOST)";
				CODE_SIGN_STYLE = Automatic;
				CURRENT_PROJECT_VERSION = 1;
				DEVELOPMENT_TEAM = CPNL28J33D;
				GENERATE_INFOPLIST_FILE = YES;
				IPHONEOS_DEPLOYMENT_TARGET = 17.0;
				MACOSX_DEPLOYMENT_TARGET = 13.5;
				MARKETING_VERSION = 1.0;
				PRODUCT_BUNDLE_IDENTIFIER = saltyskip.FitnessHealthTests;
				PRODUCT_NAME = "$(TARGET_NAME)";
				SDKROOT = auto;
				SUPPORTED_PLATFORMS = "iphoneos iphonesimulator macosx";
				SWIFT_EMIT_LOC_STRINGS = NO;
				SWIFT_VERSION = 5.0;
				TARGETED_DEVICE_FAMILY = "1,2";
				TEST_HOST = "$(BUILT_PRODUCTS_DIR)/FitnessHealth.app/$(BUNDLE_EXECUTABLE_FOLDER_PATH)/FitnessHealth";
			};
			name = Release;
		};
		70CF2EC22A85E98B002604E5 /* Debug */ = {
			isa = XCBuildConfiguration;
			buildSettings = {
				ALWAYS_EMBED_SWIFT_STANDARD_LIBRARIES = YES;
				CODE_SIGN_STYLE = Automatic;
				CURRENT_PROJECT_VERSION = 1;
				DEVELOPMENT_TEAM = CPNL28J33D;
				GENERATE_INFOPLIST_FILE = YES;
				IPHONEOS_DEPLOYMENT_TARGET = 17.0;
				MACOSX_DEPLOYMENT_TARGET = 13.5;
				MARKETING_VERSION = 1.0;
				PRODUCT_BUNDLE_IDENTIFIER = saltyskip.FitnessHealthUITests;
				PRODUCT_NAME = "$(TARGET_NAME)";
				SDKROOT = auto;
				SUPPORTED_PLATFORMS = "iphoneos iphonesimulator macosx";
				SWIFT_EMIT_LOC_STRINGS = NO;
				SWIFT_VERSION = 5.0;
				TARGETED_DEVICE_FAMILY = "1,2";
				TEST_TARGET_NAME = FitnessHealth;
			};
			name = Debug;
		};
		70CF2EC32A85E98B002604E5 /* Release */ = {
			isa = XCBuildConfiguration;
			buildSettings = {
				ALWAYS_EMBED_SWIFT_STANDARD_LIBRARIES = YES;
				CODE_SIGN_STYLE = Automatic;
				CURRENT_PROJECT_VERSION = 1;
				DEVELOPMENT_TEAM = CPNL28J33D;
				GENERATE_INFOPLIST_FILE = YES;
				IPHONEOS_DEPLOYMENT_TARGET = 17.0;
				MACOSX_DEPLOYMENT_TARGET = 13.5;
				MARKETING_VERSION = 1.0;
				PRODUCT_BUNDLE_IDENTIFIER = saltyskip.FitnessHealthUITests;
				PRODUCT_NAME = "$(TARGET_NAME)";
				SDKROOT = auto;
				SUPPORTED_PLATFORMS = "iphoneos iphonesimulator macosx";
				SWIFT_EMIT_LOC_STRINGS = NO;
				SWIFT_VERSION = 5.0;
				TARGETED_DEVICE_FAMILY = "1,2";
				TEST_TARGET_NAME = FitnessHealth;
			};
			name = Release;
		};
/* End XCBuildConfiguration section */

/* Begin XCConfigurationList section */
		70CF2E8F2A85E989002604E5 /* Build configuration list for PBXProject "FitnessHealth" */ = {
			isa = XCConfigurationList;
			buildConfigurations = (
				70CF2EB92A85E98B002604E5 /* Debug */,
				70CF2EBA2A85E98B002604E5 /* Release */,
			);
			defaultConfigurationIsVisible = 0;
			defaultConfigurationName = Release;
		};
		70CF2EBB2A85E98B002604E5 /* Build configuration list for PBXNativeTarget "FitnessHealth" */ = {
			isa = XCConfigurationList;
			buildConfigurations = (
				70CF2EBC2A85E98B002604E5 /* Debug */,
				70CF2EBD2A85E98B002604E5 /* Release */,
			);
			defaultConfigurationIsVisible = 0;
			defaultConfigurationName = Release;
		};
		70CF2EBE2A85E98B002604E5 /* Build configuration list for PBXNativeTarget "FitnessHealthTests" */ = {
			isa = XCConfigurationList;
			buildConfigurations = (
				70CF2EBF2A85E98B002604E5 /* Debug */,
				70CF2EC02A85E98B002604E5 /* Release */,
			);
			defaultConfigurationIsVisible = 0;
			defaultConfigurationName = Release;
		};
		70CF2EC12A85E98B002604E5 /* Build configuration list for PBXNativeTarget "FitnessHealthUITests" */ = {
			isa = XCConfigurationList;
			buildConfigurations = (
				70CF2EC22A85E98B002604E5 /* Debug */,
				70CF2EC32A85E98B002604E5 /* Release */,
			);
			defaultConfigurationIsVisible = 0;
			defaultConfigurationName = Release;
		};
/* End XCConfigurationList section */

/* Begin XCRemoteSwiftPackageReference section */
		700B3A032A8D033D004F1A82 /* XCRemoteSwiftPackageReference "Foil" */ = {
			isa = XCRemoteSwiftPackageReference;
			repositoryURL = "https://github.com/jessesquires/Foil";
			requirement = {
				kind = upToNextMajorVersion;
				minimumVersion = 4.0.1;
			};
		};
		70C00E862A86320E00E1C475 /* XCRemoteSwiftPackageReference "Factory" */ = {
			isa = XCRemoteSwiftPackageReference;
			repositoryURL = "https://github.com/hmlongco/Factory";
			requirement = {
				kind = upToNextMajorVersion;
				minimumVersion = 2.2.0;
			};
		};
/* End XCRemoteSwiftPackageReference section */

/* Begin XCSwiftPackageProductDependency section */
		700B3A042A8D033D004F1A82 /* Foil */ = {
			isa = XCSwiftPackageProductDependency;
			package = 700B3A032A8D033D004F1A82 /* XCRemoteSwiftPackageReference "Foil" */;
			productName = Foil;
		};
		70C00E872A86320E00E1C475 /* Factory */ = {
			isa = XCSwiftPackageProductDependency;
			package = 70C00E862A86320E00E1C475 /* XCRemoteSwiftPackageReference "Factory" */;
			productName = Factory;
		};
		70C00E8A2A86321800E1C475 /* DesignSystem */ = {
			isa = XCSwiftPackageProductDependency;
			productName = DesignSystem;
		};
/* End XCSwiftPackageProductDependency section */
	};
	rootObject = 70CF2E8C2A85E989002604E5 /* Project object */;
}
